{
  "name": "portfolio_nextjs",
  "version": "0.1.0",
  "lockfileVersion": 2,
  "requires": true,
  "packages": {
    "": {
      "name": "portfolio_nextjs",
      "version": "0.1.0",
      "dependencies": {
        "@react-icons/all-files": "^4.1.0",
        "@types/react": "^18",
        "next": "^13.3.1",
        "react": "^18.2.0",
        "react-dom": "^18.2.0",
        "react-icons": "^4.2.0",
        "styled-components": "^5.3.0",
        "styled-normalize": "^8.0.7"
      }
    },
    "node_modules/@babel/generator": {
      "version": "7.14.3",
      "license": "MIT",
      "dependencies": {
        "@babel/types": "^7.14.2",
        "jsesc": "^2.5.1",
        "source-map": "^0.5.0"
      }
    },
    "node_modules/@babel/generator/node_modules/source-map": {
      "version": "0.5.7",
      "license": "BSD-3-Clause",
      "engines": {
        "node": ">=0.10.0"
      }
    },
    "node_modules/@babel/helper-annotate-as-pure": {
      "version": "7.18.6",
      "license": "MIT",
      "dependencies": {
        "@babel/types": "^7.18.6"
      },
      "engines": {
        "node": ">=6.9.0"
      }
    },
    "node_modules/@babel/helper-function-name": {
      "version": "7.14.2",
      "license": "MIT",
      "dependencies": {
        "@babel/helper-get-function-arity": "^7.12.13",
        "@babel/template": "^7.12.13",
        "@babel/types": "^7.14.2"
      }
    },
    "node_modules/@babel/helper-get-function-arity": {
      "version": "7.12.13",
      "license": "MIT",
      "dependencies": {
        "@babel/types": "^7.12.13"
      }
    },
    "node_modules/@babel/helper-module-imports": {
      "version": "7.21.4",
      "license": "MIT",
      "dependencies": {
        "@babel/types": "^7.21.4"
      },
      "engines": {
        "node": ">=6.9.0"
      }
    },
    "node_modules/@babel/helper-split-export-declaration": {
      "version": "7.12.13",
      "license": "MIT",
      "dependencies": {
        "@babel/types": "^7.12.13"
      }
    },
    "node_modules/@babel/helper-string-parser": {
      "version": "7.19.4",
      "license": "MIT",
      "engines": {
        "node": ">=6.9.0"
      }
    },
    "node_modules/@babel/helper-validator-identifier": {
      "version": "7.19.1",
      "license": "MIT",
      "engines": {
        "node": ">=6.9.0"
      }
    },
    "node_modules/@babel/highlight": {
      "version": "7.14.0",
      "license": "MIT",
      "dependencies": {
        "@babel/helper-validator-identifier": "^7.14.0",
        "chalk": "^2.0.0",
        "js-tokens": "^4.0.0"
      }
    },
    "node_modules/@babel/parser": {
      "version": "7.14.3",
      "license": "MIT",
      "bin": {
        "parser": "bin/babel-parser.js"
      },
      "engines": {
        "node": ">=6.0.0"
      }
    },
    "node_modules/@babel/template": {
      "version": "7.12.13",
      "license": "MIT",
      "dependencies": {
        "@babel/code-frame": "^7.12.13",
        "@babel/parser": "^7.12.13",
        "@babel/types": "^7.12.13"
      }
    },
    "node_modules/@babel/template/node_modules/@babel/code-frame": {
      "version": "7.12.13",
      "license": "MIT",
      "dependencies": {
        "@babel/highlight": "^7.12.13"
      }
    },
    "node_modules/@babel/traverse": {
      "version": "7.14.2",
      "license": "MIT",
      "dependencies": {
        "@babel/code-frame": "^7.12.13",
        "@babel/generator": "^7.14.2",
        "@babel/helper-function-name": "^7.14.2",
        "@babel/helper-split-export-declaration": "^7.12.13",
        "@babel/parser": "^7.14.2",
        "@babel/types": "^7.14.2",
        "debug": "^4.1.0",
        "globals": "^11.1.0"
      }
    },
    "node_modules/@babel/traverse/node_modules/@babel/code-frame": {
      "version": "7.12.13",
      "license": "MIT",
      "dependencies": {
        "@babel/highlight": "^7.12.13"
      }
    },
    "node_modules/@babel/traverse/node_modules/debug": {
      "version": "4.3.1",
      "license": "MIT",
      "dependencies": {
        "ms": "2.1.2"
      },
      "engines": {
        "node": ">=6.0"
      },
      "peerDependenciesMeta": {
        "supports-color": {
          "optional": true
        }
      }
    },
    "node_modules/@babel/traverse/node_modules/ms": {
      "version": "2.1.2",
      "license": "MIT"
    },
    "node_modules/@babel/types": {
      "version": "7.21.4",
      "license": "MIT",
      "dependencies": {
        "@babel/helper-string-parser": "^7.19.4",
        "@babel/helper-validator-identifier": "^7.19.1",
        "to-fast-properties": "^2.0.0"
      },
      "engines": {
        "node": ">=6.9.0"
      }
    },
    "node_modules/@emotion/is-prop-valid": {
      "version": "0.8.8",
      "license": "MIT",
      "dependencies": {
        "@emotion/memoize": "0.7.4"
      }
    },
    "node_modules/@emotion/memoize": {
      "version": "0.7.4",
      "license": "MIT"
    },
    "node_modules/@emotion/stylis": {
      "version": "0.8.5",
      "license": "MIT"
    },
    "node_modules/@emotion/unitless": {
      "version": "0.7.5",
      "license": "MIT"
    },
    "node_modules/@next/env": {
      "version": "13.3.1",
      "license": "MIT"
    },
    "node_modules/@next/swc-win32-x64-msvc": {
      "version": "13.3.1",
      "cpu": [
        "x64"
      ],
      "license": "MIT",
      "optional": true,
      "os": [
        "win32"
      ],
      "engines": {
        "node": ">= 10"
      }
    },
    "node_modules/@react-icons/all-files": {
      "version": "4.1.0",
      "license": "MIT",
      "peerDependencies": {
        "react": "*"
      }
    },
    "node_modules/@swc/helpers": {
      "version": "0.5.0",
      "license": "Apache-2.0",
      "dependencies": {
        "tslib": "^2.4.0"
      }
    },
    "node_modules/@types/prop-types": {
      "version": "15.7.5",
      "resolved": "https://registry.npmjs.org/@types/prop-types/-/prop-types-15.7.5.tgz",
      "integrity": "sha512-JCB8C6SnDoQf0cNycqd/35A7MjcnK+ZTqE7judS6o7utxUCg6imJg3QK2qzHKszlTjcj2cn+NwMB2i96ubpj7w=="
    },
    "node_modules/@types/react": {
      "version": "18.0.38",
      "resolved": "https://registry.npmjs.org/@types/react/-/react-18.0.38.tgz",
      "integrity": "sha512-ExsidLLSzYj4cvaQjGnQCk4HFfVT9+EZ9XZsQ8Hsrcn8QNgXtpZ3m9vSIC2MWtx7jHictK6wYhQgGh6ic58oOw==",
      "dependencies": {
        "@types/prop-types": "*",
        "@types/scheduler": "*",
        "csstype": "^3.0.2"
      }
    },
    "node_modules/@types/scheduler": {
      "version": "0.16.3",
      "resolved": "https://registry.npmjs.org/@types/scheduler/-/scheduler-0.16.3.tgz",
      "integrity": "sha512-5cJ8CB4yAx7BH1oMvdU0Jh9lrEXyPkar6F9G/ERswkCuvP4KQZfZkSjcMbAICCpQTN4OuZn8tz0HiKv9TGZgrQ=="
    },
    "node_modules/ansi-styles": {
      "version": "3.2.1",
      "license": "MIT",
      "dependencies": {
        "color-convert": "^1.9.0"
      },
      "engines": {
        "node": ">=4"
      }
    },
    "node_modules/babel-plugin-styled-components": {
      "version": "2.1.1",
      "license": "MIT",
      "dependencies": {
        "@babel/helper-annotate-as-pure": "^7.16.0",
        "@babel/helper-module-imports": "^7.16.0",
        "babel-plugin-syntax-jsx": "^6.18.0",
        "lodash": "^4.17.21",
        "picomatch": "^2.3.0"
      },
      "peerDependencies": {
        "styled-components": ">= 2"
      }
    },
    "node_modules/babel-plugin-syntax-jsx": {
      "version": "6.18.0",
      "license": "MIT"
    },
    "node_modules/busboy": {
      "version": "1.6.0",
      "dependencies": {
        "streamsearch": "^1.1.0"
      },
      "engines": {
        "node": ">=10.16.0"
      }
    },
    "node_modules/camelize": {
      "version": "1.0.0",
      "license": "MIT"
    },
    "node_modules/caniuse-lite": {
      "version": "1.0.30001481",
      "funding": [
        {
          "type": "opencollective",
          "url": "https://opencollective.com/browserslist"
        },
        {
          "type": "tidelift",
          "url": "https://tidelift.com/funding/github/npm/caniuse-lite"
        },
        {
          "type": "github",
          "url": "https://github.com/sponsors/ai"
        }
      ],
      "license": "CC-BY-4.0"
    },
    "node_modules/chalk": {
      "version": "2.4.2",
      "license": "MIT",
      "dependencies": {
        "ansi-styles": "^3.2.1",
        "escape-string-regexp": "^1.0.5",
        "supports-color": "^5.3.0"
      },
      "engines": {
        "node": ">=4"
      }
    },
    "node_modules/client-only": {
      "version": "0.0.1",
      "license": "MIT"
    },
    "node_modules/color-convert": {
      "version": "1.9.3",
      "license": "MIT",
      "dependencies": {
        "color-name": "1.1.3"
      }
    },
    "node_modules/color-name": {
      "version": "1.1.3",
      "license": "MIT"
    },
    "node_modules/css-color-keywords": {
      "version": "1.0.0",
      "license": "ISC",
      "engines": {
        "node": ">=4"
      }
    },
    "node_modules/css-to-react-native": {
      "version": "3.0.0",
      "license": "MIT",
      "dependencies": {
        "camelize": "^1.0.0",
        "css-color-keywords": "^1.0.0",
        "postcss-value-parser": "^4.0.2"
      }
    },
    "node_modules/csstype": {
      "version": "3.1.2",
      "resolved": "https://registry.npmjs.org/csstype/-/csstype-3.1.2.tgz",
      "integrity": "sha512-I7K1Uu0MBPzaFKg4nI5Q7Vs2t+3gWWW648spaF+Rg7pI9ds18Ugn+lvg4SHczUdKlHI5LWBXyqfS8+DufyBsgQ=="
    },
    "node_modules/escape-string-regexp": {
      "version": "1.0.5",
      "license": "MIT",
      "engines": {
        "node": ">=0.8.0"
      }
    },
    "node_modules/globals": {
      "version": "11.12.0",
      "license": "MIT",
      "engines": {
        "node": ">=4"
      }
    },
    "node_modules/has-flag": {
      "version": "3.0.0",
      "license": "MIT",
      "engines": {
        "node": ">=4"
      }
    },
    "node_modules/hoist-non-react-statics": {
      "version": "3.3.2",
      "license": "BSD-3-Clause",
      "dependencies": {
        "react-is": "^16.7.0"
      }
    },
    "node_modules/js-tokens": {
      "version": "4.0.0",
      "license": "MIT"
    },
    "node_modules/jsesc": {
      "version": "2.5.2",
      "license": "MIT",
      "bin": {
        "jsesc": "bin/jsesc"
      },
      "engines": {
        "node": ">=4"
      }
    },
    "node_modules/lodash": {
      "version": "4.17.21",
      "license": "MIT"
    },
    "node_modules/loose-envify": {
      "version": "1.4.0",
      "license": "MIT",
      "dependencies": {
        "js-tokens": "^3.0.0 || ^4.0.0"
      },
      "bin": {
        "loose-envify": "cli.js"
      }
    },
    "node_modules/nanoid": {
      "version": "3.3.6",
      "funding": [
        {
          "type": "github",
          "url": "https://github.com/sponsors/ai"
        }
      ],
      "license": "MIT",
      "bin": {
        "nanoid": "bin/nanoid.cjs"
      },
      "engines": {
        "node": "^10 || ^12 || ^13.7 || ^14 || >=15.0.1"
      }
    },
    "node_modules/next": {
      "version": "13.3.1",
      "license": "MIT",
      "dependencies": {
        "@next/env": "13.3.1",
        "@swc/helpers": "0.5.0",
        "busboy": "1.6.0",
        "caniuse-lite": "^1.0.30001406",
        "postcss": "8.4.14",
        "styled-jsx": "5.1.1"
      },
      "bin": {
        "next": "dist/bin/next"
      },
      "engines": {
        "node": ">=14.18.0"
      },
      "optionalDependencies": {
        "@next/swc-darwin-arm64": "13.3.1",
        "@next/swc-darwin-x64": "13.3.1",
        "@next/swc-linux-arm64-gnu": "13.3.1",
        "@next/swc-linux-arm64-musl": "13.3.1",
        "@next/swc-linux-x64-gnu": "13.3.1",
        "@next/swc-linux-x64-musl": "13.3.1",
        "@next/swc-win32-arm64-msvc": "13.3.1",
        "@next/swc-win32-ia32-msvc": "13.3.1",
        "@next/swc-win32-x64-msvc": "13.3.1"
      },
      "peerDependencies": {
        "@opentelemetry/api": "^1.1.0",
        "fibers": ">= 3.1.0",
        "node-sass": "^6.0.0 || ^7.0.0",
        "react": "^18.2.0",
        "react-dom": "^18.2.0",
        "sass": "^1.3.0"
      },
      "peerDependenciesMeta": {
        "@opentelemetry/api": {
          "optional": true
        },
        "fibers": {
          "optional": true
        },
        "node-sass": {
          "optional": true
        },
        "sass": {
          "optional": true
        }
      }
    },
    "node_modules/picocolors": {
      "version": "1.0.0",
      "license": "ISC"
    },
    "node_modules/picomatch": {
      "version": "2.3.1",
      "license": "MIT",
      "engines": {
        "node": ">=8.6"
      },
      "funding": {
        "url": "https://github.com/sponsors/jonschlinkert"
      }
    },
    "node_modules/postcss": {
      "version": "8.4.14",
      "funding": [
        {
          "type": "opencollective",
          "url": "https://opencollective.com/postcss/"
        },
        {
          "type": "tidelift",
          "url": "https://tidelift.com/funding/github/npm/postcss"
        }
      ],
      "license": "MIT",
      "dependencies": {
        "nanoid": "^3.3.4",
        "picocolors": "^1.0.0",
        "source-map-js": "^1.0.2"
      },
      "engines": {
        "node": "^10 || ^12 || >=14"
      }
    },
    "node_modules/postcss-value-parser": {
      "version": "4.1.0",
      "license": "MIT"
    },
    "node_modules/react": {
      "version": "18.2.0",
      "license": "MIT",
      "dependencies": {
        "loose-envify": "^1.1.0"
      },
      "engines": {
        "node": ">=0.10.0"
      }
    },
    "node_modules/react-dom": {
      "version": "18.2.0",
      "license": "MIT",
      "dependencies": {
        "loose-envify": "^1.1.0",
        "scheduler": "^0.23.0"
      },
      "peerDependencies": {
        "react": "^18.2.0"
      }
    },
    "node_modules/react-icons": {
      "version": "4.2.0",
      "license": "MIT",
      "peerDependencies": {
        "react": "*"
      }
    },
    "node_modules/react-is": {
      "version": "16.13.1",
      "license": "MIT"
    },
    "node_modules/scheduler": {
      "version": "0.23.0",
      "license": "MIT",
      "dependencies": {
        "loose-envify": "^1.1.0"
      }
    },
    "node_modules/shallowequal": {
      "version": "1.1.0",
      "license": "MIT"
    },
    "node_modules/source-map-js": {
      "version": "1.0.2",
      "license": "BSD-3-Clause",
      "engines": {
        "node": ">=0.10.0"
      }
    },
    "node_modules/streamsearch": {
      "version": "1.1.0",
      "engines": {
        "node": ">=10.0.0"
      }
    },
    "node_modules/styled-components": {
      "version": "5.3.0",
      "license": "MIT",
      "dependencies": {
        "@babel/helper-module-imports": "^7.0.0",
        "@babel/traverse": "^7.4.5",
        "@emotion/is-prop-valid": "^0.8.8",
        "@emotion/stylis": "^0.8.4",
        "@emotion/unitless": "^0.7.4",
        "babel-plugin-styled-components": ">= 1.12.0",
        "css-to-react-native": "^3.0.0",
        "hoist-non-react-statics": "^3.0.0",
        "shallowequal": "^1.1.0",
        "supports-color": "^5.5.0"
      },
      "engines": {
        "node": ">=10"
      },
      "funding": {
        "type": "opencollective",
        "url": "https://opencollective.com/styled-components"
      },
      "peerDependencies": {
        "react": ">= 16.8.0",
        "react-dom": ">= 16.8.0",
        "react-is": ">= 16.8.0"
      }
    },
    "node_modules/styled-jsx": {
      "version": "5.1.1",
      "license": "MIT",
      "dependencies": {
        "client-only": "0.0.1"
      },
      "engines": {
        "node": ">= 12.0.0"
      },
      "peerDependencies": {
        "react": ">= 16.8.0 || 17.x.x || ^18.0.0-0"
      },
      "peerDependenciesMeta": {
        "@babel/core": {
          "optional": true
        },
        "babel-plugin-macros": {
          "optional": true
        }
      }
    },
    "node_modules/styled-normalize": {
      "version": "8.0.7",
      "license": "MIT",
      "peerDependencies": {
        "styled-components": "^4.0.0 || ^5.0.0"
      }
    },
    "node_modules/supports-color": {
      "version": "5.5.0",
      "license": "MIT",
      "dependencies": {
        "has-flag": "^3.0.0"
      },
      "engines": {
        "node": ">=4"
      }
    },
    "node_modules/to-fast-properties": {
      "version": "2.0.0",
      "license": "MIT",
      "engines": {
        "node": ">=4"
      }
    },
    "node_modules/tslib": {
      "version": "2.5.0",
      "license": "0BSD"
    }
  },
  "dependencies": {
    "@babel/generator": {
      "version": "7.14.3",
      "requires": {
        "@babel/types": "^7.14.2",
        "jsesc": "^2.5.1",
        "source-map": "^0.5.0"
      },
      "dependencies": {
        "source-map": {
          "version": "0.5.7"
        }
      }
    },
    "@babel/helper-annotate-as-pure": {
      "version": "7.18.6",
      "requires": {
        "@babel/types": "^7.18.6"
      }
    },
    "@babel/helper-function-name": {
      "version": "7.14.2",
      "requires": {
        "@babel/helper-get-function-arity": "^7.12.13",
        "@babel/template": "^7.12.13",
        "@babel/types": "^7.14.2"
      }
    },
    "@babel/helper-get-function-arity": {
      "version": "7.12.13",
      "requires": {
        "@babel/types": "^7.12.13"
      }
    },
    "@babel/helper-module-imports": {
      "version": "7.21.4",
      "requires": {
        "@babel/types": "^7.21.4"
      }
    },
    "@babel/helper-split-export-declaration": {
      "version": "7.12.13",
      "requires": {
        "@babel/types": "^7.12.13"
      }
    },
    "@babel/helper-string-parser": {
      "version": "7.19.4"
    },
    "@babel/helper-validator-identifier": {
      "version": "7.19.1"
    },
    "@babel/highlight": {
      "version": "7.14.0",
      "requires": {
        "@babel/helper-validator-identifier": "^7.14.0",
        "chalk": "^2.0.0",
        "js-tokens": "^4.0.0"
      }
    },
    "@babel/parser": {
      "version": "7.14.3"
    },
    "@babel/template": {
      "version": "7.12.13",
      "requires": {
        "@babel/code-frame": "^7.12.13",
        "@babel/parser": "^7.12.13",
        "@babel/types": "^7.12.13"
      },
      "dependencies": {
        "@babel/code-frame": {
          "version": "7.12.13",
          "requires": {
            "@babel/highlight": "^7.12.13"
          }
        }
      }
    },
    "@babel/traverse": {
      "version": "7.14.2",
      "requires": {
        "@babel/code-frame": "^7.12.13",
        "@babel/generator": "^7.14.2",
        "@babel/helper-function-name": "^7.14.2",
        "@babel/helper-split-export-declaration": "^7.12.13",
        "@babel/parser": "^7.14.2",
        "@babel/types": "^7.14.2",
        "debug": "^4.1.0",
        "globals": "^11.1.0"
      },
      "dependencies": {
        "@babel/code-frame": {
          "version": "7.12.13",
          "requires": {
            "@babel/highlight": "^7.12.13"
          }
        },
        "debug": {
          "version": "4.3.1",
          "requires": {
            "ms": "2.1.2"
          }
        },
        "ms": {
          "version": "2.1.2"
        }
      }
    },
    "@babel/types": {
      "version": "7.21.4",
      "requires": {
        "@babel/helper-string-parser": "^7.19.4",
        "@babel/helper-validator-identifier": "^7.19.1",
        "to-fast-properties": "^2.0.0"
      }
    },
    "@emotion/is-prop-valid": {
      "version": "0.8.8",
      "requires": {
        "@emotion/memoize": "0.7.4"
      }
    },
    "@emotion/memoize": {
      "version": "0.7.4"
    },
    "@emotion/stylis": {
      "version": "0.8.5"
    },
    "@emotion/unitless": {
      "version": "0.7.5"
    },
    "@next/env": {
      "version": "13.3.1"
    },
    "@next/swc-win32-x64-msvc": {
      "version": "13.3.1",
      "optional": true
    },
    "@react-icons/all-files": {
      "version": "4.1.0",
      "requires": {}
    },
    "@swc/helpers": {
      "version": "0.5.0",
      "requires": {
        "tslib": "^2.4.0"
      }
    },
    "@types/prop-types": {
      "version": "15.7.5",
      "resolved": "https://registry.npmjs.org/@types/prop-types/-/prop-types-15.7.5.tgz",
      "integrity": "sha512-JCB8C6SnDoQf0cNycqd/35A7MjcnK+ZTqE7judS6o7utxUCg6imJg3QK2qzHKszlTjcj2cn+NwMB2i96ubpj7w=="
    },
    "@types/react": {
      "version": "18.0.38",
      "resolved": "https://registry.npmjs.org/@types/react/-/react-18.0.38.tgz",
      "integrity": "sha512-ExsidLLSzYj4cvaQjGnQCk4HFfVT9+EZ9XZsQ8Hsrcn8QNgXtpZ3m9vSIC2MWtx7jHictK6wYhQgGh6ic58oOw==",
      "requires": {
        "@types/prop-types": "*",
        "@types/scheduler": "*",
        "csstype": "^3.0.2"
      }
    },
    "@types/scheduler": {
      "version": "0.16.3",
      "resolved": "https://registry.npmjs.org/@types/scheduler/-/scheduler-0.16.3.tgz",
      "integrity": "sha512-5cJ8CB4yAx7BH1oMvdU0Jh9lrEXyPkar6F9G/ERswkCuvP4KQZfZkSjcMbAICCpQTN4OuZn8tz0HiKv9TGZgrQ=="
    },
    "ansi-styles": {
      "version": "3.2.1",
      "requires": {
        "color-convert": "^1.9.0"
      }
    },
    "babel-plugin-styled-components": {
      "version": "2.1.1",
      "requires": {
        "@babel/helper-annotate-as-pure": "^7.16.0",
        "@babel/helper-module-imports": "^7.16.0",
        "babel-plugin-syntax-jsx": "^6.18.0",
        "lodash": "^4.17.21",
        "picomatch": "^2.3.0"
      }
    },
    "babel-plugin-syntax-jsx": {
      "version": "6.18.0"
    },
    "busboy": {
      "version": "1.6.0",
      "requires": {
        "streamsearch": "^1.1.0"
      }
    },
    "camelize": {
      "version": "1.0.0"
    },
    "caniuse-lite": {
      "version": "1.0.30001481"
    },
    "chalk": {
      "version": "2.4.2",
      "requires": {
        "ansi-styles": "^3.2.1",
        "escape-string-regexp": "^1.0.5",
        "supports-color": "^5.3.0"
      }
    },
    "client-only": {
      "version": "0.0.1"
    },
    "color-convert": {
      "version": "1.9.3",
      "requires": {
        "color-name": "1.1.3"
      }
    },
    "color-name": {
      "version": "1.1.3"
    },
    "css-color-keywords": {
      "version": "1.0.0"
    },
    "css-to-react-native": {
      "version": "3.0.0",
      "requires": {
        "camelize": "^1.0.0",
        "css-color-keywords": "^1.0.0",
        "postcss-value-parser": "^4.0.2"
      }
    },
    "csstype": {
      "version": "3.1.2",
      "resolved": "https://registry.npmjs.org/csstype/-/csstype-3.1.2.tgz",
      "integrity": "sha512-I7K1Uu0MBPzaFKg4nI5Q7Vs2t+3gWWW648spaF+Rg7pI9ds18Ugn+lvg4SHczUdKlHI5LWBXyqfS8+DufyBsgQ=="
    },
    "escape-string-regexp": {
      "version": "1.0.5"
    },
    "globals": {
      "version": "11.12.0"
    },
    "has-flag": {
      "version": "3.0.0"
    },
    "hoist-non-react-statics": {
      "version": "3.3.2",
      "requires": {
        "react-is": "^16.7.0"
      }
    },
    "js-tokens": {
      "version": "4.0.0"
    },
    "jsesc": {
      "version": "2.5.2"
    },
    "lodash": {
      "version": "4.17.21"
    },
    "loose-envify": {
      "version": "1.4.0",
      "requires": {
        "js-tokens": "^3.0.0 || ^4.0.0"
      }
    },
    "nanoid": {
      "version": "3.3.6"
    },
    "next": {
      "version": "13.3.1",
      "requires": {
        "@next/env": "13.3.1",
        "@next/swc-darwin-arm64": "13.3.1",
        "@next/swc-darwin-x64": "13.3.1",
        "@next/swc-linux-arm64-gnu": "13.3.1",
        "@next/swc-linux-arm64-musl": "13.3.1",
        "@next/swc-linux-x64-gnu": "13.3.1",
        "@next/swc-linux-x64-musl": "13.3.1",
        "@next/swc-win32-arm64-msvc": "13.3.1",
        "@next/swc-win32-ia32-msvc": "13.3.1",
        "@next/swc-win32-x64-msvc": "13.3.1",
        "@swc/helpers": "0.5.0",
        "busboy": "1.6.0",
        "caniuse-lite": "^1.0.30001406",
        "postcss": "8.4.14",
        "styled-jsx": "5.1.1"
      }
    },
    "picocolors": {
      "version": "1.0.0"
    },
    "picomatch": {
      "version": "2.3.1"
    },
    "postcss": {
      "version": "8.4.14",
      "requires": {
        "nanoid": "^3.3.4",
        "picocolors": "^1.0.0",
        "source-map-js": "^1.0.2"
      }
    },
    "postcss-value-parser": {
      "version": "4.1.0"
    },
    "react": {
      "version": "18.2.0",
      "requires": {
        "loose-envify": "^1.1.0"
      }
    },
    "react-dom": {
      "version": "18.2.0",
      "requires": {
        "loose-envify": "^1.1.0",
        "scheduler": "^0.23.0"
      }
    },
    "react-icons": {
      "version": "4.2.0",
      "requires": {}
    },
    "react-is": {
      "version": "16.13.1"
    },
    "scheduler": {
      "version": "0.23.0",
      "requires": {
        "loose-envify": "^1.1.0"
      }
    },
    "shallowequal": {
      "version": "1.1.0"
    },
    "source-map-js": {
      "version": "1.0.2"
    },
    "streamsearch": {
      "version": "1.1.0"
    },
    "styled-components": {
      "version": "5.3.0",
      "requires": {
        "@babel/helper-module-imports": "^7.0.0",
        "@babel/traverse": "^7.4.5",
        "@emotion/is-prop-valid": "^0.8.8",
        "@emotion/stylis": "^0.8.4",
        "@emotion/unitless": "^0.7.4",
        "babel-plugin-styled-components": ">= 1.12.0",
        "css-to-react-native": "^3.0.0",
        "hoist-non-react-statics": "^3.0.0",
        "shallowequal": "^1.1.0",
        "supports-color": "^5.5.0"
      }
    },
    "styled-jsx": {
      "version": "5.1.1",
      "requires": {
        "client-only": "0.0.1"
      }
    },
    "styled-normalize": {
      "version": "8.0.7",
      "requires": {}
    },
    "supports-color": {
      "version": "5.5.0",
      "requires": {
        "has-flag": "^3.0.0"
      }
    },
    "to-fast-properties": {
      "version": "2.0.0"
    },
    "tslib": {
      "version": "2.5.0"
    }
  }
}
